
Microsoft Visual Studio Solution File, Format Version 12.00
# Visual Studio Version 16
VisualStudioVersion = 16.0.30717.126
MinimumVisualStudioVersion = 10.0.40219.1
Project("{FAE04EC0-301F-11D3-BF4B-00C04F79EFBC}") = "TempConverter", "TempConverter\TempConverter.csproj", "{DAAB06C6-2DD0-4619-8856-1A6CBCC0401A}"
EndProject
Project("{FAE04EC0-301F-11D3-BF4B-00C04F79EFBC}") = "XUnitTestProject1", "XUnitTestProject1\XUnitTestProject1.csproj", "{C02F2D94-FC8D-4221-8CE3-DB24B3B06655}"
EndProject
Global
	GlobalSection(SolutionConfigurationPlatforms) = preSolution
		Debug|Any CPU = Debug|Any CPU
		Release|Any CPU = Release|Any CPU
	EndGlobalSection
	GlobalSection(ProjectConfigurationPlatforms) = postSolution
		{DAAB06C6-2DD0-4619-8856-1A6CBCC0401A}.Debug|Any CPU.ActiveCfg = Debug|Any CPU
		{DAAB06C6-2DD0-4619-8856-1A6CBCC0401A}.Debug|Any CPU.Build.0 = Debug|Any CPU
		{DAAB06C6-2DD0-4619-8856-1A6CBCC0401A}.Release|Any CPU.ActiveCfg = Release|Any CPU
		{DAAB06C6-2DD0-4619-8856-1A6CBCC0401A}.Release|Any CPU.Build.0 = Release|Any CPU
		{C02F2D94-FC8D-4221-8CE3-DB24B3B06655}.Debug|Any CPU.ActiveCfg = Debug|Any CPU
		{C02F2D94-FC8D-4221-8CE3-DB24B3B06655}.Debug|Any CPU.Build.0 = Debug|Any CPU
		{C02F2D94-FC8D-4221-8CE3-DB24B3B06655}.Release|Any CPU.ActiveCfg = Release|Any CPU
		{C02F2D94-FC8D-4221-8CE3-DB24B3B06655}.Release|Any CPU.Build.0 = Release|Any CPU
	EndGlobalSection
	GlobalSection(SolutionProperties) = preSolution
		HideSolutionNode = FALSE
	EndGlobalSection
	GlobalSection(ExtensibilityGlobals) = postSolution
		SolutionGuid = {479EDC4A-FB53-43D4-98FB-A80A855EA7D2}
	EndGlobalSection
EndGlobal
